
Microsoft Visual Studio Solution File, Format Version 12.00
# Visual Studio 14
VisualStudioVersion = 14.0.25420.1
MinimumVisualStudioVersion = 10.0.40219.1
Project("{2150E333-8FDC-42A3-9474-1A3956D46DE8}") = "Engine", "Engine", "{8373D957-8F79-4AC8-A275-75F2640A9681}"
EndProject
Project("{2150E333-8FDC-42A3-9474-1A3956D46DE8}") = "Games", "Games", "{43268689-19E8-4CFF-90A8-9618F494DC62}"
EndProject
Project("{8BC9CEB8-8B4A-11D0-8D11-00A0C91BC942}") = "UE4", "Intermediate\ProjectFiles\UE4.vcxproj", "{8A392BE4-F315-4FB3-8956-4B38E308BDB3}"
EndProject
Project("{8BC9CEB8-8B4A-11D0-8D11-00A0C91BC942}") = "BuildingEscape", "Intermediate\ProjectFiles\BuildingEscape.vcxproj", "{743956C3-1379-422D-BF73-C89B3D34E148}"
EndProject
Global
	GlobalSection(SolutionConfigurationPlatforms) = preSolution
		DebugGame Editor|Win32 = DebugGame Editor|Win32
		DebugGame Editor|Win64 = DebugGame Editor|Win64
		DebugGame|Win32 = DebugGame|Win32
		DebugGame|Win64 = DebugGame|Win64
		Development Editor|Win32 = Development Editor|Win32
		Development Editor|Win64 = Development Editor|Win64
		Development|Win32 = Development|Win32
		Development|Win64 = Development|Win64
		Shipping|Win32 = Shipping|Win32
		Shipping|Win64 = Shipping|Win64
	EndGlobalSection
	GlobalSection(ProjectConfigurationPlatforms) = postSolution
		{8A392BE4-F315-4FB3-8956-4B38E308BDB3}.DebugGame Editor|Win32.ActiveCfg = BuiltWithUnrealBuildTool|Win32
		{8A392BE4-F315-4FB3-8956-4B38E308BDB3}.DebugGame Editor|Win32.Build.0 = BuiltWithUnrealBuildTool|Win32
		{8A392BE4-F315-4FB3-8956-4B38E308BDB3}.DebugGame Editor|Win64.ActiveCfg = BuiltWithUnrealBuildTool|Win32
		{8A392BE4-F315-4FB3-8956-4B38E308BDB3}.DebugGame Editor|Win64.Build.0 = BuiltWithUnrealBuildTool|Win32
		{8A392BE4-F315-4FB3-8956-4B38E308BDB3}.DebugGame|Win32.ActiveCfg = BuiltWithUnrealBuildTool|Win32
		{8A392BE4-F315-4FB3-8956-4B38E308BDB3}.DebugGame|Win32.Build.0 = BuiltWithUnrealBuildTool|Win32
		{8A392BE4-F315-4FB3-8956-4B38E308BDB3}.DebugGame|Win64.ActiveCfg = BuiltWithUnrealBuildTool|Win32
		{8A392BE4-F315-4FB3-8956-4B38E308BDB3}.DebugGame|Win64.Build.0 = BuiltWithUnrealBuildTool|Win32
		{8A392BE4-F315-4FB3-8956-4B38E308BDB3}.Development Editor|Win32.ActiveCfg = BuiltWithUnrealBuildTool|Win32
		{8A392BE4-F315-4FB3-8956-4B38E308BDB3}.Development Editor|Win32.Build.0 = BuiltWithUnrealBuildTool|Win32
		{8A392BE4-F315-4FB3-8956-4B38E308BDB3}.Development Editor|Win64.ActiveCfg = BuiltWithUnrealBuildTool|Win32
		{8A392BE4-F315-4FB3-8956-4B38E308BDB3}.Development Editor|Win64.Build.0 = BuiltWithUnrealBuildTool|Win32
		{8A392BE4-F315-4FB3-8956-4B38E308BDB3}.Development|Win32.ActiveCfg = BuiltWithUnrealBuildTool|Win32
		{8A392BE4-F315-4FB3-8956-4B38E308BDB3}.Development|Win32.Build.0 = BuiltWithUnrealBuildTool|Win32
		{8A392BE4-F315-4FB3-8956-4B38E308BDB3}.Development|Win64.ActiveCfg = BuiltWithUnrealBuildTool|Win32
		{8A392BE4-F315-4FB3-8956-4B38E308BDB3}.Development|Win64.Build.0 = BuiltWithUnrealBuildTool|Win32
		{8A392BE4-F315-4FB3-8956-4B38E308BDB3}.Shipping|Win32.ActiveCfg = BuiltWithUnrealBuildTool|Win32
		{8A392BE4-F315-4FB3-8956-4B38E308BDB3}.Shipping|Win32.Build.0 = BuiltWithUnrealBuildTool|Win32
		{8A392BE4-F315-4FB3-8956-4B38E308BDB3}.Shipping|Win64.ActiveCfg = BuiltWithUnrealBuildTool|Win32
		{8A392BE4-F315-4FB3-8956-4B38E308BDB3}.Shipping|Win64.Build.0 = BuiltWithUnrealBuildTool|Win32
		{743956C3-1379-422D-BF73-C89B3D34E148}.DebugGame Editor|Win32.ActiveCfg = DebugGame_Editor|Win32
		{743956C3-1379-422D-BF73-C89B3D34E148}.DebugGame Editor|Win64.ActiveCfg = DebugGame_Editor|x64
		{743956C3-1379-422D-BF73-C89B3D34E148}.DebugGame Editor|Win64.Build.0 = DebugGame_Editor|x64
		{743956C3-1379-422D-BF73-C89B3D34E148}.DebugGame|Win32.ActiveCfg = DebugGame_Game|Win32
		{743956C3-1379-422D-BF73-C89B3D34E148}.DebugGame|Win32.Build.0 = DebugGame_Game|Win32
		{743956C3-1379-422D-BF73-C89B3D34E148}.DebugGame|Win64.ActiveCfg = DebugGame_Game|x64
		{743956C3-1379-422D-BF73-C89B3D34E148}.DebugGame|Win64.Build.0 = DebugGame_Game|x64
		{743956C3-1379-422D-BF73-C89B3D34E148}.Development Editor|Win32.ActiveCfg = Development_Editor|Win32
		{743956C3-1379-422D-BF73-C89B3D34E148}.Development Editor|Win64.ActiveCfg = Development_Editor|x64
		{743956C3-1379-422D-BF73-C89B3D34E148}.Development Editor|Win64.Build.0 = Development_Editor|x64
		{743956C3-1379-422D-BF73-C89B3D34E148}.Development|Win32.ActiveCfg = Development_Game|Win32
		{743956C3-1379-422D-BF73-C89B3D34E148}.Development|Win32.Build.0 = Development_Game|Win32
		{743956C3-1379-422D-BF73-C89B3D34E148}.Development|Win64.ActiveCfg = Development_Game|x64
		{743956C3-1379-422D-BF73-C89B3D34E148}.Development|Win64.Build.0 = Development_Game|x64
		{743956C3-1379-422D-BF73-C89B3D34E148}.Shipping|Win32.ActiveCfg = Shipping_Game|Win32
		{743956C3-1379-422D-BF73-C89B3D34E148}.Shipping|Win32.Build.0 = Shipping_Game|Win32
		{743956C3-1379-422D-BF73-C89B3D34E148}.Shipping|Win64.ActiveCfg = Shipping_Game|x64
		{743956C3-1379-422D-BF73-C89B3D34E148}.Shipping|Win64.Build.0 = Shipping_Game|x64
	EndGlobalSection
	GlobalSection(SolutionProperties) = preSolution
		HideSolutionNode = FALSE
	EndGlobalSection
	GlobalSection(NestedProjects) = preSolution
		{8A392BE4-F315-4FB3-8956-4B38E308BDB3} = {8373D957-8F79-4AC8-A275-75F2640A9681}
		{743956C3-1379-422D-BF73-C89B3D34E148} = {43268689-19E8-4CFF-90A8-9618F494DC62}
	EndGlobalSection
EndGlobal
